
Microsoft Visual Studio Solution File, Format Version 12.00
# Visual Studio Version 17
VisualStudioVersion = 17.13.35931.197
MinimumVisualStudioVersion = 10.0.40219.1
Project("{FAE04EC0-301F-11D3-BF4B-00C04F79EFBC}") = "ProductExport", "ProductExport.csproj", "{58DA43FC-F491-4D9C-A4CE-331E761A2E9F}"
EndProject
Project("{FAE04EC0-301F-11D3-BF4B-00C04F79EFBC}") = "Infrastructure", "..\Infrastructure\Infrastructure.csproj", "{777EED3B-0A28-41C4-B0FA-91F4B50EB786}"
EndProject
Global
	GlobalSection(SolutionConfigurationPlatforms) = preSolution
		Debug|Any CPU = Debug|Any CPU
		Release|Any CPU = Release|Any CPU
	EndGlobalSection
	GlobalSection(ProjectConfigurationPlatforms) = postSolution
		{58DA43FC-F491-4D9C-A4CE-331E761A2E9F}.Debug|Any CPU.ActiveCfg = Debug|Any CPU
		{58DA43FC-F491-4D9C-A4CE-331E761A2E9F}.Debug|Any CPU.Build.0 = Debug|Any CPU
		{58DA43FC-F491-4D9C-A4CE-331E761A2E9F}.Release|Any CPU.ActiveCfg = Release|Any CPU
		{58DA43FC-F491-4D9C-A4CE-331E761A2E9F}.Release|Any CPU.Build.0 = Release|Any CPU
		{777EED3B-0A28-41C4-B0FA-91F4B50EB786}.Debug|Any CPU.ActiveCfg = Debug|Any CPU
		{777EED3B-0A28-41C4-B0FA-91F4B50EB786}.Debug|Any CPU.Build.0 = Debug|Any CPU
		{777EED3B-0A28-41C4-B0FA-91F4B50EB786}.Release|Any CPU.ActiveCfg = Release|Any CPU
		{777EED3B-0A28-41C4-B0FA-91F4B50EB786}.Release|Any CPU.Build.0 = Release|Any CPU
	EndGlobalSection
	GlobalSection(SolutionProperties) = preSolution
		HideSolutionNode = FALSE
	EndGlobalSection
	GlobalSection(ExtensibilityGlobals) = postSolution
		SolutionGuid = {4ECFC60E-9F9A-40BA-8591-97C2DF6F363C}
	EndGlobalSection
EndGlobal
